
Microsoft Visual Studio Solution File, Format Version 12.00
# Visual Studio Version 17
VisualStudioVersion = 17.14.36603.0 d17.14
MinimumVisualStudioVersion = 10.0.40219.1
Project("{FAE04EC0-301F-11D3-BF4B-00C04F79EFBC}") = "EnglishListeningStudy", "EnglishListeningStudy\EnglishListeningStudy.csproj", "{665C4AD3-AA38-4FD6-BE40-8132FF012C19}"
EndProject
Global
	GlobalSection(SolutionConfigurationPlatforms) = preSolution
		Debug|Any CPU = Debug|Any CPU
		Release|Any CPU = Release|Any CPU
	EndGlobalSection
	GlobalSection(ProjectConfigurationPlatforms) = postSolution
		{665C4AD3-AA38-4FD6-BE40-8132FF012C19}.Debug|Any CPU.ActiveCfg = Debug|Any CPU
		{665C4AD3-AA38-4FD6-BE40-8132FF012C19}.Debug|Any CPU.Build.0 = Debug|Any CPU
		{665C4AD3-AA38-4FD6-BE40-8132FF012C19}.Release|Any CPU.ActiveCfg = Release|Any CPU
		{665C4AD3-AA38-4FD6-BE40-8132FF012C19}.Release|Any CPU.Build.0 = Release|Any CPU
	EndGlobalSection
	GlobalSection(SolutionProperties) = preSolution
		HideSolutionNode = FALSE
	EndGlobalSection
	GlobalSection(ExtensibilityGlobals) = postSolution
		SolutionGuid = {309619F4-7893-4C79-A48C-A5E03B598500}
	EndGlobalSection
EndGlobal
